
Microsoft Visual Studio Solution File, Format Version 12.00
# Visual Studio Version 17
VisualStudioVersion = 17.0.31903.59
MinimumVisualStudioVersion = 10.0.40219.1
Project("{2150E333-8FDC-42A3-9474-1A3956D46DE8}") = "src", "src", "{827E0CD3-B72D-47B6-A68D-7590B98EB39B}"
EndProject
Project("{FAE04EC0-301F-11D3-BF4B-00C04F79EFBC}") = "GuiShark", "src\GuiShark\GuiShark.csproj", "{EF63DAB6-A1D0-4E3A-967F-CF178F9CAC04}"
EndProject
Project("{FAE04EC0-301F-11D3-BF4B-00C04F79EFBC}") = "GuiShark.OpenGL", "src\GuiShark.OpenGL\GuiShark.OpenGL.csproj", "{9D003690-2496-44C8-9B10-B511804F0C0F}"
EndProject
Project("{FAE04EC0-301F-11D3-BF4B-00C04F79EFBC}") = "GuiShark.Demo", "src\demos\GuiShark.Demo\GuiShark.Demo.csproj", "{216DED57-EE85-4027-828B-8689FC78E0BA}"
EndProject
Project("{FAE04EC0-301F-11D3-BF4B-00C04F79EFBC}") = "GuiShark.Balloon", "src\demos\GuiShark.Balloon\GuiShark.Balloon.csproj", "{AA0AF2CD-3852-424A-8EC0-1A5C04E5DD6D}"
EndProject
Project("{2150E333-8FDC-42A3-9474-1A3956D46DE8}") = "demos", "demos", "{3C336FD4-B9AD-0DD8-DEC7-8EE722B7ABA4}"
EndProject
Project("{FAE04EC0-301F-11D3-BF4B-00C04F79EFBC}") = "GuiShark.TextDemo", "src\demos\GuiShark.TextDemo\GuiShark.TextDemo.csproj", "{EC3A133B-675D-4848-8D07-90EF60DAE789}"
EndProject
Project("{FAE04EC0-301F-11D3-BF4B-00C04F79EFBC}") = "GuiShark.ControlsDemo", "src\demos\GuiShark.ControlsDemo\GuiShark.ControlsDemo.csproj", "{DAD57FAD-00C4-4D07-A340-E070C03FE005}"
EndProject
Project("{2150E333-8FDC-42A3-9474-1A3956D46DE8}") = "tests", "tests", "{CEA09484-30F6-4D44-02F6-822E06DBC57C}"
EndProject
Project("{FAE04EC0-301F-11D3-BF4B-00C04F79EFBC}") = "GuiShark.Tests", "src\tests\GuiShark.Tests\GuiShark.Tests.csproj", "{5E4A2BF0-B409-4AB5-BC4E-622FC4BF2327}"
EndProject
Project("{FAE04EC0-301F-11D3-BF4B-00C04F79EFBC}") = "GuiShark.ThreadedHost", "src\demos\GuiShark.ThreadedHost\GuiShark.ThreadedHost.csproj", "{DBCC487B-8A99-4A67-9EDA-FC0D5F5480E6}"
EndProject
Project("{2150E333-8FDC-42A3-9474-1A3956D46DE8}") = "hosting", "hosting", "{F489E2D5-C65D-9AA9-2B96-C7DF79630172}"
EndProject
Project("{FAE04EC0-301F-11D3-BF4B-00C04F79EFBC}") = "GuiShark.AppProtocol", "src\hosting\GuiShark.AppProtocol\GuiShark.AppProtocol.csproj", "{263531D8-42D4-4833-9D35-80323A2D0DBA}"
EndProject
Project("{FAE04EC0-301F-11D3-BF4B-00C04F79EFBC}") = "GuiShark.AuroraProcess", "src\demos\GuiShark.AuroraProcess\GuiShark.AuroraProcess.csproj", "{E747118C-4D5F-4874-BE55-BECB40724987}"
EndProject
Project("{FAE04EC0-301F-11D3-BF4B-00C04F79EFBC}") = "GuiShark.ProcessHost", "src\demos\GuiShark.ProcessHost\GuiShark.ProcessHost.csproj", "{17E5E5EA-28C8-4F14-8CBD-8AE85F0F4357}"
EndProject
Project("{FAE04EC0-301F-11D3-BF4B-00C04F79EFBC}") = "GuiShark.ProcessHosting", "src\hosting\GuiShark.ProcessHosting\GuiShark.ProcessHosting.csproj", "{F4CEBFA8-0331-45DC-BF9A-E4AE271A645B}"
EndProject
Project("{FAE04EC0-301F-11D3-BF4B-00C04F79EFBC}") = "GuiShark.Workspace", "src\demos\GuiShark.Workspace\GuiShark.Workspace.csproj", "{94422F43-2724-4E2E-A1F9-DE41070BC01C}"
EndProject
Project("{FAE04EC0-301F-11D3-BF4B-00C04F79EFBC}") = "GuiShark.PulseProcess", "src\demos\GuiShark.PulseProcess\GuiShark.PulseProcess.csproj", "{88EE727A-E651-43FB-A708-99858ED95045}"
EndProject
Global
	GlobalSection(SolutionConfigurationPlatforms) = preSolution
		Debug|Any CPU = Debug|Any CPU
		Debug|x64 = Debug|x64
		Debug|x86 = Debug|x86
		Release|Any CPU = Release|Any CPU
		Release|x64 = Release|x64
		Release|x86 = Release|x86
	EndGlobalSection
	GlobalSection(ProjectConfigurationPlatforms) = postSolution
		{EF63DAB6-A1D0-4E3A-967F-CF178F9CAC04}.Debug|Any CPU.ActiveCfg = Debug|Any CPU
		{EF63DAB6-A1D0-4E3A-967F-CF178F9CAC04}.Debug|Any CPU.Build.0 = Debug|Any CPU
		{EF63DAB6-A1D0-4E3A-967F-CF178F9CAC04}.Debug|x64.ActiveCfg = Debug|Any CPU
		{EF63DAB6-A1D0-4E3A-967F-CF178F9CAC04}.Debug|x64.Build.0 = Debug|Any CPU
		{EF63DAB6-A1D0-4E3A-967F-CF178F9CAC04}.Debug|x86.ActiveCfg = Debug|Any CPU
		{EF63DAB6-A1D0-4E3A-967F-CF178F9CAC04}.Debug|x86.Build.0 = Debug|Any CPU
		{EF63DAB6-A1D0-4E3A-967F-CF178F9CAC04}.Release|Any CPU.ActiveCfg = Release|Any CPU
		{EF63DAB6-A1D0-4E3A-967F-CF178F9CAC04}.Release|Any CPU.Build.0 = Release|Any CPU
		{EF63DAB6-A1D0-4E3A-967F-CF178F9CAC04}.Release|x64.ActiveCfg = Release|Any CPU
		{EF63DAB6-A1D0-4E3A-967F-CF178F9CAC04}.Release|x64.Build.0 = Release|Any CPU
		{EF63DAB6-A1D0-4E3A-967F-CF178F9CAC04}.Release|x86.ActiveCfg = Release|Any CPU
		{EF63DAB6-A1D0-4E3A-967F-CF178F9CAC04}.Release|x86.Build.0 = Release|Any CPU
		{9D003690-2496-44C8-9B10-B511804F0C0F}.Debug|Any CPU.ActiveCfg = Debug|Any CPU
		{9D003690-2496-44C8-9B10-B511804F0C0F}.Debug|Any CPU.Build.0 = Debug|Any CPU
		{9D003690-2496-44C8-9B10-B511804F0C0F}.Debug|x64.ActiveCfg = Debug|Any CPU
		{9D003690-2496-44C8-9B10-B511804F0C0F}.Debug|x64.Build.0 = Debug|Any CPU
		{9D003690-2496-44C8-9B10-B511804F0C0F}.Debug|x86.ActiveCfg = Debug|Any CPU
		{9D003690-2496-44C8-9B10-B511804F0C0F}.Debug|x86.Build.0 = Debug|Any CPU
		{9D003690-2496-44C8-9B10-B511804F0C0F}.Release|Any CPU.ActiveCfg = Release|Any CPU
		{9D003690-2496-44C8-9B10-B511804F0C0F}.Release|Any CPU.Build.0 = Release|Any CPU
		{9D003690-2496-44C8-9B10-B511804F0C0F}.Release|x64.ActiveCfg = Release|Any CPU
		{9D003690-2496-44C8-9B10-B511804F0C0F}.Release|x64.Build.0 = Release|Any CPU
		{9D003690-2496-44C8-9B10-B511804F0C0F}.Release|x86.ActiveCfg = Release|Any CPU
		{9D003690-2496-44C8-9B10-B511804F0C0F}.Release|x86.Build.0 = Release|Any CPU
		{216DED57-EE85-4027-828B-8689FC78E0BA}.Debug|Any CPU.ActiveCfg = Debug|Any CPU
		{216DED57-EE85-4027-828B-8689FC78E0BA}.Debug|Any CPU.Build.0 = Debug|Any CPU
		{216DED57-EE85-4027-828B-8689FC78E0BA}.Debug|x64.ActiveCfg = Debug|Any CPU
		{216DED57-EE85-4027-828B-8689FC78E0BA}.Debug|x64.Build.0 = Debug|Any CPU
		{216DED57-EE85-4027-828B-8689FC78E0BA}.Debug|x86.ActiveCfg = Debug|Any CPU
		{216DED57-EE85-4027-828B-8689FC78E0BA}.Debug|x86.Build.0 = Debug|Any CPU
		{216DED57-EE85-4027-828B-8689FC78E0BA}.Release|Any CPU.ActiveCfg = Release|Any CPU
		{216DED57-EE85-4027-828B-8689FC78E0BA}.Release|Any CPU.Build.0 = Release|Any CPU
		{216DED57-EE85-4027-828B-8689FC78E0BA}.Release|x64.ActiveCfg = Release|Any CPU
		{216DED57-EE85-4027-828B-8689FC78E0BA}.Release|x64.Build.0 = Release|Any CPU
		{216DED57-EE85-4027-828B-8689FC78E0BA}.Release|x86.ActiveCfg = Release|Any CPU
		{216DED57-EE85-4027-828B-8689FC78E0BA}.Release|x86.Build.0 = Release|Any CPU
		{AA0AF2CD-3852-424A-8EC0-1A5C04E5DD6D}.Debug|Any CPU.ActiveCfg = Debug|Any CPU
		{AA0AF2CD-3852-424A-8EC0-1A5C04E5DD6D}.Debug|Any CPU.Build.0 = Debug|Any CPU
		{AA0AF2CD-3852-424A-8EC0-1A5C04E5DD6D}.Debug|x64.ActiveCfg = Debug|Any CPU
		{AA0AF2CD-3852-424A-8EC0-1A5C04E5DD6D}.Debug|x64.Build.0 = Debug|Any CPU
		{AA0AF2CD-3852-424A-8EC0-1A5C04E5DD6D}.Debug|x86.ActiveCfg = Debug|Any CPU
		{AA0AF2CD-3852-424A-8EC0-1A5C04E5DD6D}.Debug|x86.Build.0 = Debug|Any CPU
		{AA0AF2CD-3852-424A-8EC0-1A5C04E5DD6D}.Release|Any CPU.ActiveCfg = Release|Any CPU
		{AA0AF2CD-3852-424A-8EC0-1A5C04E5DD6D}.Release|Any CPU.Build.0 = Release|Any CPU
		{AA0AF2CD-3852-424A-8EC0-1A5C04E5DD6D}.Release|x64.ActiveCfg = Release|Any CPU
		{AA0AF2CD-3852-424A-8EC0-1A5C04E5DD6D}.Release|x64.Build.0 = Release|Any CPU
		{AA0AF2CD-3852-424A-8EC0-1A5C04E5DD6D}.Release|x86.ActiveCfg = Release|Any CPU
		{AA0AF2CD-3852-424A-8EC0-1A5C04E5DD6D}.Release|x86.Build.0 = Release|Any CPU
		{EC3A133B-675D-4848-8D07-90EF60DAE789}.Debug|Any CPU.ActiveCfg = Debug|Any CPU
		{EC3A133B-675D-4848-8D07-90EF60DAE789}.Debug|Any CPU.Build.0 = Debug|Any CPU
		{EC3A133B-675D-4848-8D07-90EF60DAE789}.Debug|x64.ActiveCfg = Debug|Any CPU
		{EC3A133B-675D-4848-8D07-90EF60DAE789}.Debug|x64.Build.0 = Debug|Any CPU
		{EC3A133B-675D-4848-8D07-90EF60DAE789}.Debug|x86.ActiveCfg = Debug|Any CPU
		{EC3A133B-675D-4848-8D07-90EF60DAE789}.Debug|x86.Build.0 = Debug|Any CPU
		{EC3A133B-675D-4848-8D07-90EF60DAE789}.Release|Any CPU.ActiveCfg = Release|Any CPU
		{EC3A133B-675D-4848-8D07-90EF60DAE789}.Release|Any CPU.Build.0 = Release|Any CPU
		{EC3A133B-675D-4848-8D07-90EF60DAE789}.Release|x64.ActiveCfg = Release|Any CPU
		{EC3A133B-675D-4848-8D07-90EF60DAE789}.Release|x64.Build.0 = Release|Any CPU
		{EC3A133B-675D-4848-8D07-90EF60DAE789}.Release|x86.ActiveCfg = Release|Any CPU
		{EC3A133B-675D-4848-8D07-90EF60DAE789}.Release|x86.Build.0 = Release|Any CPU
		{DAD57FAD-00C4-4D07-A340-E070C03FE005}.Debug|Any CPU.ActiveCfg = Debug|Any CPU
		{DAD57FAD-00C4-4D07-A340-E070C03FE005}.Debug|Any CPU.Build.0 = Debug|Any CPU
		{DAD57FAD-00C4-4D07-A340-E070C03FE005}.Debug|x64.ActiveCfg = Debug|Any CPU
		{DAD57FAD-00C4-4D07-A340-E070C03FE005}.Debug|x64.Build.0 = Debug|Any CPU
		{DAD57FAD-00C4-4D07-A340-E070C03FE005}.Debug|x86.ActiveCfg = Debug|Any CPU
		{DAD57FAD-00C4-4D07-A340-E070C03FE005}.Debug|x86.Build.0 = Debug|Any CPU
		{DAD57FAD-00C4-4D07-A340-E070C03FE005}.Release|Any CPU.ActiveCfg = Release|Any CPU
		{DAD57FAD-00C4-4D07-A340-E070C03FE005}.Release|Any CPU.Build.0 = Release|Any CPU
		{DAD57FAD-00C4-4D07-A340-E070C03FE005}.Release|x64.ActiveCfg = Release|Any CPU
		{DAD57FAD-00C4-4D07-A340-E070C03FE005}.Release|x64.Build.0 = Release|Any CPU
		{DAD57FAD-00C4-4D07-A340-E070C03FE005}.Release|x86.ActiveCfg = Release|Any CPU
		{DAD57FAD-00C4-4D07-A340-E070C03FE005}.Release|x86.Build.0 = Release|Any CPU
		{5E4A2BF0-B409-4AB5-BC4E-622FC4BF2327}.Debug|Any CPU.ActiveCfg = Debug|Any CPU
		{5E4A2BF0-B409-4AB5-BC4E-622FC4BF2327}.Debug|Any CPU.Build.0 = Debug|Any CPU
		{5E4A2BF0-B409-4AB5-BC4E-622FC4BF2327}.Debug|x64.ActiveCfg = Debug|Any CPU
		{5E4A2BF0-B409-4AB5-BC4E-622FC4BF2327}.Debug|x64.Build.0 = Debug|Any CPU
		{5E4A2BF0-B409-4AB5-BC4E-622FC4BF2327}.Debug|x86.ActiveCfg = Debug|Any CPU
		{5E4A2BF0-B409-4AB5-BC4E-622FC4BF2327}.Debug|x86.Build.0 = Debug|Any CPU
		{5E4A2BF0-B409-4AB5-BC4E-622FC4BF2327}.Release|Any CPU.ActiveCfg = Release|Any CPU
		{5E4A2BF0-B409-4AB5-BC4E-622FC4BF2327}.Release|Any CPU.Build.0 = Release|Any CPU
		{5E4A2BF0-B409-4AB5-BC4E-622FC4BF2327}.Release|x64.ActiveCfg = Release|Any CPU
		{5E4A2BF0-B409-4AB5-BC4E-622FC4BF2327}.Release|x64.Build.0 = Release|Any CPU
		{5E4A2BF0-B409-4AB5-BC4E-622FC4BF2327}.Release|x86.ActiveCfg = Release|Any CPU
		{5E4A2BF0-B409-4AB5-BC4E-622FC4BF2327}.Release|x86.Build.0 = Release|Any CPU
		{DBCC487B-8A99-4A67-9EDA-FC0D5F5480E6}.Debug|Any CPU.ActiveCfg = Debug|Any CPU
		{DBCC487B-8A99-4A67-9EDA-FC0D5F5480E6}.Debug|Any CPU.Build.0 = Debug|Any CPU
		{DBCC487B-8A99-4A67-9EDA-FC0D5F5480E6}.Debug|x64.ActiveCfg = Debug|Any CPU
		{DBCC487B-8A99-4A67-9EDA-FC0D5F5480E6}.Debug|x64.Build.0 = Debug|Any CPU
		{DBCC487B-8A99-4A67-9EDA-FC0D5F5480E6}.Debug|x86.ActiveCfg = Debug|Any CPU
		{DBCC487B-8A99-4A67-9EDA-FC0D5F5480E6}.Debug|x86.Build.0 = Debug|Any CPU
		{DBCC487B-8A99-4A67-9EDA-FC0D5F5480E6}.Release|Any CPU.ActiveCfg = Release|Any CPU
		{DBCC487B-8A99-4A67-9EDA-FC0D5F5480E6}.Release|Any CPU.Build.0 = Release|Any CPU
		{DBCC487B-8A99-4A67-9EDA-FC0D5F5480E6}.Release|x64.ActiveCfg = Release|Any CPU
		{DBCC487B-8A99-4A67-9EDA-FC0D5F5480E6}.Release|x64.Build.0 = Release|Any CPU
		{DBCC487B-8A99-4A67-9EDA-FC0D5F5480E6}.Release|x86.ActiveCfg = Release|Any CPU
		{DBCC487B-8A99-4A67-9EDA-FC0D5F5480E6}.Release|x86.Build.0 = Release|Any CPU
		{263531D8-42D4-4833-9D35-80323A2D0DBA}.Debug|Any CPU.ActiveCfg = Debug|Any CPU
		{263531D8-42D4-4833-9D35-80323A2D0DBA}.Debug|Any CPU.Build.0 = Debug|Any CPU
		{263531D8-42D4-4833-9D35-80323A2D0DBA}.Debug|x64.ActiveCfg = Debug|Any CPU
		{263531D8-42D4-4833-9D35-80323A2D0DBA}.Debug|x64.Build.0 = Debug|Any CPU
		{263531D8-42D4-4833-9D35-80323A2D0DBA}.Debug|x86.ActiveCfg = Debug|Any CPU
		{263531D8-42D4-4833-9D35-80323A2D0DBA}.Debug|x86.Build.0 = Debug|Any CPU
		{263531D8-42D4-4833-9D35-80323A2D0DBA}.Release|Any CPU.ActiveCfg = Release|Any CPU
		{263531D8-42D4-4833-9D35-80323A2D0DBA}.Release|Any CPU.Build.0 = Release|Any CPU
		{263531D8-42D4-4833-9D35-80323A2D0DBA}.Release|x64.ActiveCfg = Release|Any CPU
		{263531D8-42D4-4833-9D35-80323A2D0DBA}.Release|x64.Build.0 = Release|Any CPU
		{263531D8-42D4-4833-9D35-80323A2D0DBA}.Release|x86.ActiveCfg = Release|Any CPU
		{263531D8-42D4-4833-9D35-80323A2D0DBA}.Release|x86.Build.0 = Release|Any CPU
		{E747118C-4D5F-4874-BE55-BECB40724987}.Debug|Any CPU.ActiveCfg = Debug|Any CPU
		{E747118C-4D5F-4874-BE55-BECB40724987}.Debug|Any CPU.Build.0 = Debug|Any CPU
		{E747118C-4D5F-4874-BE55-BECB40724987}.Debug|x64.ActiveCfg = Debug|Any CPU
		{E747118C-4D5F-4874-BE55-BECB40724987}.Debug|x64.Build.0 = Debug|Any CPU
		{E747118C-4D5F-4874-BE55-BECB40724987}.Debug|x86.ActiveCfg = Debug|Any CPU
		{E747118C-4D5F-4874-BE55-BECB40724987}.Debug|x86.Build.0 = Debug|Any CPU
		{E747118C-4D5F-4874-BE55-BECB40724987}.Release|Any CPU.ActiveCfg = Release|Any CPU
		{E747118C-4D5F-4874-BE55-BECB40724987}.Release|Any CPU.Build.0 = Release|Any CPU
		{E747118C-4D5F-4874-BE55-BECB40724987}.Release|x64.ActiveCfg = Release|Any CPU
		{E747118C-4D5F-4874-BE55-BECB40724987}.Release|x64.Build.0 = Release|Any CPU
		{E747118C-4D5F-4874-BE55-BECB40724987}.Release|x86.ActiveCfg = Release|Any CPU
		{E747118C-4D5F-4874-BE55-BECB40724987}.Release|x86.Build.0 = Release|Any CPU
		{17E5E5EA-28C8-4F14-8CBD-8AE85F0F4357}.Debug|Any CPU.ActiveCfg = Debug|Any CPU
		{17E5E5EA-28C8-4F14-8CBD-8AE85F0F4357}.Debug|Any CPU.Build.0 = Debug|Any CPU
		{17E5E5EA-28C8-4F14-8CBD-8AE85F0F4357}.Debug|x64.ActiveCfg = Debug|Any CPU
		{17E5E5EA-28C8-4F14-8CBD-8AE85F0F4357}.Debug|x64.Build.0 = Debug|Any CPU
		{17E5E5EA-28C8-4F14-8CBD-8AE85F0F4357}.Debug|x86.ActiveCfg = Debug|Any CPU
		{17E5E5EA-28C8-4F14-8CBD-8AE85F0F4357}.Debug|x86.Build.0 = Debug|Any CPU
		{17E5E5EA-28C8-4F14-8CBD-8AE85F0F4357}.Release|Any CPU.ActiveCfg = Release|Any CPU
		{17E5E5EA-28C8-4F14-8CBD-8AE85F0F4357}.Release|Any CPU.Build.0 = Release|Any CPU
		{17E5E5EA-28C8-4F14-8CBD-8AE85F0F4357}.Release|x64.ActiveCfg = Release|Any CPU
		{17E5E5EA-28C8-4F14-8CBD-8AE85F0F4357}.Release|x64.Build.0 = Release|Any CPU
		{17E5E5EA-28C8-4F14-8CBD-8AE85F0F4357}.Release|x86.ActiveCfg = Release|Any CPU
		{17E5E5EA-28C8-4F14-8CBD-8AE85F0F4357}.Release|x86.Build.0 = Release|Any CPU
		{F4CEBFA8-0331-45DC-BF9A-E4AE271A645B}.Debug|Any CPU.ActiveCfg = Debug|Any CPU
		{F4CEBFA8-0331-45DC-BF9A-E4AE271A645B}.Debug|Any CPU.Build.0 = Debug|Any CPU
		{F4CEBFA8-0331-45DC-BF9A-E4AE271A645B}.Debug|x64.ActiveCfg = Debug|Any CPU
		{F4CEBFA8-0331-45DC-BF9A-E4AE271A645B}.Debug|x64.Build.0 = Debug|Any CPU
		{F4CEBFA8-0331-45DC-BF9A-E4AE271A645B}.Debug|x86.ActiveCfg = Debug|Any CPU
		{F4CEBFA8-0331-45DC-BF9A-E4AE271A645B}.Debug|x86.Build.0 = Debug|Any CPU
		{F4CEBFA8-0331-45DC-BF9A-E4AE271A645B}.Release|Any CPU.ActiveCfg = Release|Any CPU
		{F4CEBFA8-0331-45DC-BF9A-E4AE271A645B}.Release|Any CPU.Build.0 = Release|Any CPU
		{F4CEBFA8-0331-45DC-BF9A-E4AE271A645B}.Release|x64.ActiveCfg = Release|Any CPU
		{F4CEBFA8-0331-45DC-BF9A-E4AE271A645B}.Release|x64.Build.0 = Release|Any CPU
		{F4CEBFA8-0331-45DC-BF9A-E4AE271A645B}.Release|x86.ActiveCfg = Release|Any CPU
		{F4CEBFA8-0331-45DC-BF9A-E4AE271A645B}.Release|x86.Build.0 = Release|Any CPU
		{94422F43-2724-4E2E-A1F9-DE41070BC01C}.Debug|Any CPU.ActiveCfg = Debug|Any CPU
		{94422F43-2724-4E2E-A1F9-DE41070BC01C}.Debug|Any CPU.Build.0 = Debug|Any CPU
		{94422F43-2724-4E2E-A1F9-DE41070BC01C}.Debug|x64.ActiveCfg = Debug|Any CPU
		{94422F43-2724-4E2E-A1F9-DE41070BC01C}.Debug|x64.Build.0 = Debug|Any CPU
		{94422F43-2724-4E2E-A1F9-DE41070BC01C}.Debug|x86.ActiveCfg = Debug|Any CPU
		{94422F43-2724-4E2E-A1F9-DE41070BC01C}.Debug|x86.Build.0 = Debug|Any CPU
		{94422F43-2724-4E2E-A1F9-DE41070BC01C}.Release|Any CPU.ActiveCfg = Release|Any CPU
		{94422F43-2724-4E2E-A1F9-DE41070BC01C}.Release|Any CPU.Build.0 = Release|Any CPU
		{94422F43-2724-4E2E-A1F9-DE41070BC01C}.Release|x64.ActiveCfg = Release|Any CPU
		{94422F43-2724-4E2E-A1F9-DE41070BC01C}.Release|x64.Build.0 = Release|Any CPU
		{94422F43-2724-4E2E-A1F9-DE41070BC01C}.Release|x86.ActiveCfg = Release|Any CPU
		{94422F43-2724-4E2E-A1F9-DE41070BC01C}.Release|x86.Build.0 = Release|Any CPU
		{88EE727A-E651-43FB-A708-99858ED95045}.Debug|Any CPU.ActiveCfg = Debug|Any CPU
		{88EE727A-E651-43FB-A708-99858ED95045}.Debug|Any CPU.Build.0 = Debug|Any CPU
		{88EE727A-E651-43FB-A708-99858ED95045}.Debug|x64.ActiveCfg = Debug|Any CPU
		{88EE727A-E651-43FB-A708-99858ED95045}.Debug|x64.Build.0 = Debug|Any CPU
		{88EE727A-E651-43FB-A708-99858ED95045}.Debug|x86.ActiveCfg = Debug|Any CPU
		{88EE727A-E651-43FB-A708-99858ED95045}.Debug|x86.Build.0 = Debug|Any CPU
		{88EE727A-E651-43FB-A708-99858ED95045}.Release|Any CPU.ActiveCfg = Release|Any CPU
		{88EE727A-E651-43FB-A708-99858ED95045}.Release|Any CPU.Build.0 = Release|Any CPU
		{88EE727A-E651-43FB-A708-99858ED95045}.Release|x64.ActiveCfg = Release|Any CPU
		{88EE727A-E651-43FB-A708-99858ED95045}.Release|x64.Build.0 = Release|Any CPU
		{88EE727A-E651-43FB-A708-99858ED95045}.Release|x86.ActiveCfg = Release|Any CPU
		{88EE727A-E651-43FB-A708-99858ED95045}.Release|x86.Build.0 = Release|Any CPU
	EndGlobalSection
	GlobalSection(SolutionProperties) = preSolution
		HideSolutionNode = FALSE
	EndGlobalSection
	GlobalSection(NestedProjects) = preSolution
		{EF63DAB6-A1D0-4E3A-967F-CF178F9CAC04} = {827E0CD3-B72D-47B6-A68D-7590B98EB39B}
		{9D003690-2496-44C8-9B10-B511804F0C0F} = {827E0CD3-B72D-47B6-A68D-7590B98EB39B}
		{216DED57-EE85-4027-828B-8689FC78E0BA} = {3C336FD4-B9AD-0DD8-DEC7-8EE722B7ABA4}
		{AA0AF2CD-3852-424A-8EC0-1A5C04E5DD6D} = {3C336FD4-B9AD-0DD8-DEC7-8EE722B7ABA4}
		{3C336FD4-B9AD-0DD8-DEC7-8EE722B7ABA4} = {827E0CD3-B72D-47B6-A68D-7590B98EB39B}
		{EC3A133B-675D-4848-8D07-90EF60DAE789} = {3C336FD4-B9AD-0DD8-DEC7-8EE722B7ABA4}
		{DAD57FAD-00C4-4D07-A340-E070C03FE005} = {3C336FD4-B9AD-0DD8-DEC7-8EE722B7ABA4}
		{CEA09484-30F6-4D44-02F6-822E06DBC57C} = {827E0CD3-B72D-47B6-A68D-7590B98EB39B}
		{5E4A2BF0-B409-4AB5-BC4E-622FC4BF2327} = {CEA09484-30F6-4D44-02F6-822E06DBC57C}
		{DBCC487B-8A99-4A67-9EDA-FC0D5F5480E6} = {3C336FD4-B9AD-0DD8-DEC7-8EE722B7ABA4}
		{F489E2D5-C65D-9AA9-2B96-C7DF79630172} = {827E0CD3-B72D-47B6-A68D-7590B98EB39B}
		{263531D8-42D4-4833-9D35-80323A2D0DBA} = {F489E2D5-C65D-9AA9-2B96-C7DF79630172}
		{E747118C-4D5F-4874-BE55-BECB40724987} = {3C336FD4-B9AD-0DD8-DEC7-8EE722B7ABA4}
		{17E5E5EA-28C8-4F14-8CBD-8AE85F0F4357} = {3C336FD4-B9AD-0DD8-DEC7-8EE722B7ABA4}
		{F4CEBFA8-0331-45DC-BF9A-E4AE271A645B} = {F489E2D5-C65D-9AA9-2B96-C7DF79630172}
		{94422F43-2724-4E2E-A1F9-DE41070BC01C} = {3C336FD4-B9AD-0DD8-DEC7-8EE722B7ABA4}
		{88EE727A-E651-43FB-A708-99858ED95045} = {3C336FD4-B9AD-0DD8-DEC7-8EE722B7ABA4}
	EndGlobalSection
EndGlobal
